// !$*UTF8*$!
{
	archiveVersion = 1;
	classes = {
	};
	objectVersion = 55;
	objects = {

/* Begin PBXBuildFile section */
		5E06B07B289C0F97003C20DD /* Model Users.swift in Sources */ = {isa = PBXBuildFile; fileRef = 5E06B07A289C0F97003C20DD /* Model Users.swift */; };
		5E06B07D289C0FA9003C20DD /* User.swift in Sources */ = {isa = PBXBuildFile; fileRef = 5E06B07C289C0FA9003C20DD /* User.swift */; };
		5E57D2F928AC2BCD009C0EB6 /* StartView.swift in Sources */ = {isa = PBXBuildFile; fileRef = 5E57D2F828AC2BCD009C0EB6 /* StartView.swift */; };
		5E57D2FB28AC2BD9009C0EB6 /* StartVC.swift in Sources */ = {isa = PBXBuildFile; fileRef = 5E57D2FA28AC2BD9009C0EB6 /* StartVC.swift */; };
		5E97B1B9288D3E8B00940720 /* SignUpVC.swift in Sources */ = {isa = PBXBuildFile; fileRef = 5E97B1B8288D3E8B00940720 /* SignUpVC.swift */; };
		5E9C0F24288FF73900381551 /* TasksView.swift in Sources */ = {isa = PBXBuildFile; fileRef = 5E9C0F23288FF73900381551 /* TasksView.swift */; };
		5E9C0F26288FF78500381551 /* TasksVC.swift in Sources */ = {isa = PBXBuildFile; fileRef = 5E9C0F25288FF78500381551 /* TasksVC.swift */; };
		5E9C0F28289002C400381551 /* AddTaskView.swift in Sources */ = {isa = PBXBuildFile; fileRef = 5E9C0F27289002C400381551 /* AddTaskView.swift */; };
		5E9C0F2A289002E800381551 /* AddTaskVC.swift in Sources */ = {isa = PBXBuildFile; fileRef = 5E9C0F29289002E800381551 /* AddTaskVC.swift */; };
		5E9C0F2C289028D500381551 /* InfoTaskView.swift in Sources */ = {isa = PBXBuildFile; fileRef = 5E9C0F2B289028D500381551 /* InfoTaskView.swift */; };
		5E9C0F2E289028FE00381551 /* InfoTaskVC.swift in Sources */ = {isa = PBXBuildFile; fileRef = 5E9C0F2D289028FE00381551 /* InfoTaskVC.swift */; };
		5E9F102D2897C1F5002ECAD5 /* Task.swift in Sources */ = {isa = PBXBuildFile; fileRef = 5E9F102C2897C1F5002ECAD5 /* Task.swift */; };
		5EAAD09C288DBDFF00F0E79A /* Model Tasks.swift in Sources */ = {isa = PBXBuildFile; fileRef = 5EAAD09B288DBDFF00F0E79A /* Model Tasks.swift */; };
		5EAAD09F288DBEA000F0E79A /* LocalStore.swift in Sources */ = {isa = PBXBuildFile; fileRef = 5EAAD09E288DBEA000F0E79A /* LocalStore.swift */; };
		5EAAD0A1288DC38D00F0E79A /* SignInVC.swift in Sources */ = {isa = PBXBuildFile; fileRef = 5EAAD0A0288DC38D00F0E79A /* SignInVC.swift */; };
		5EABD40C2897FE0F00F80309 /* Main.storyboard in Resources */ = {isa = PBXBuildFile; fileRef = 5EABD40B2897FE0F00F80309 /* Main.storyboard */; };
		5EACAE26288F0C4B00D9E9D7 /* CreateView.swift in Sources */ = {isa = PBXBuildFile; fileRef = 5EACAE25288F0C4B00D9E9D7 /* CreateView.swift */; };
		5EC8A43D289D1BA5003365C6 /* CustomCell.swift in Sources */ = {isa = PBXBuildFile; fileRef = 5EC8A43C289D1BA5003365C6 /* CustomCell.swift */; };
		5EF39E8D288D1E9C0091A777 /* AppDelegate.swift in Sources */ = {isa = PBXBuildFile; fileRef = 5EF39E8C288D1E9C0091A777 /* AppDelegate.swift */; };
		5EF39E8F288D1E9C0091A777 /* SceneDelegate.swift in Sources */ = {isa = PBXBuildFile; fileRef = 5EF39E8E288D1E9C0091A777 /* SceneDelegate.swift */; };
		5EF39E91288D1E9C0091A777 /* SignInView.swift in Sources */ = {isa = PBXBuildFile; fileRef = 5EF39E90288D1E9C0091A777 /* SignInView.swift */; };
		5EF39E96288D1E9D0091A777 /* Assets.xcassets in Resources */ = {isa = PBXBuildFile; fileRef = 5EF39E95288D1E9D0091A777 /* Assets.xcassets */; };
		5EF39E99288D1E9D0091A777 /* LaunchScreen.storyboard in Resources */ = {isa = PBXBuildFile; fileRef = 5EF39E97288D1E9D0091A777 /* LaunchScreen.storyboard */; };
		7801C2C732E6970EDCDBE8A0 /* Pods_theToDoList.framework in Frameworks */ = {isa = PBXBuildFile; fileRef = D689AA8E21D0CC3C4F5F9482 /* Pods_theToDoList.framework */; };
/* End PBXBuildFile section */

/* Begin PBXFileReference section */
		5E06B07A289C0F97003C20DD /* Model Users.swift */ = {isa = PBXFileReference; lastKnownFileType = sourcecode.swift; path = "Model Users.swift"; sourceTree = "<group>"; };
		5E06B07C289C0FA9003C20DD /* User.swift */ = {isa = PBXFileReference; lastKnownFileType = sourcecode.swift; path = User.swift; sourceTree = "<group>"; };
		5E57D2F828AC2BCD009C0EB6 /* StartView.swift */ = {isa = PBXFileReference; lastKnownFileType = sourcecode.swift; path = StartView.swift; sourceTree = "<group>"; };
		5E57D2FA28AC2BD9009C0EB6 /* StartVC.swift */ = {isa = PBXFileReference; lastKnownFileType = sourcecode.swift; path = StartVC.swift; sourceTree = "<group>"; };
		5E97B1B8288D3E8B00940720 /* SignUpVC.swift */ = {isa = PBXFileReference; lastKnownFileType = sourcecode.swift; path = SignUpVC.swift; sourceTree = "<group>"; };
		5E9C0F23288FF73900381551 /* TasksView.swift */ = {isa = PBXFileReference; lastKnownFileType = sourcecode.swift; path = TasksView.swift; sourceTree = "<group>"; };
		5E9C0F25288FF78500381551 /* TasksVC.swift */ = {isa = PBXFileReference; lastKnownFileType = sourcecode.swift; path = TasksVC.swift; sourceTree = "<group>"; };
		5E9C0F27289002C400381551 /* AddTaskView.swift */ = {isa = PBXFileReference; lastKnownFileType = sourcecode.swift; path = AddTaskView.swift; sourceTree = "<group>"; };
		5E9C0F29289002E800381551 /* AddTaskVC.swift */ = {isa = PBXFileReference; lastKnownFileType = sourcecode.swift; path = AddTaskVC.swift; sourceTree = "<group>"; };
		5E9C0F2B289028D500381551 /* InfoTaskView.swift */ = {isa = PBXFileReference; lastKnownFileType = sourcecode.swift; path = InfoTaskView.swift; sourceTree = "<group>"; };
		5E9C0F2D289028FE00381551 /* InfoTaskVC.swift */ = {isa = PBXFileReference; lastKnownFileType = sourcecode.swift; path = InfoTaskVC.swift; sourceTree = "<group>"; };
		5E9F102C2897C1F5002ECAD5 /* Task.swift */ = {isa = PBXFileReference; lastKnownFileType = sourcecode.swift; path = Task.swift; sourceTree = "<group>"; };
		5EAAD09B288DBDFF00F0E79A /* Model Tasks.swift */ = {isa = PBXFileReference; lastKnownFileType = sourcecode.swift; path = "Model Tasks.swift"; sourceTree = "<group>"; };
		5EAAD09E288DBEA000F0E79A /* LocalStore.swift */ = {isa = PBXFileReference; lastKnownFileType = sourcecode.swift; path = LocalStore.swift; sourceTree = "<group>"; };
		5EAAD0A0288DC38D00F0E79A /* SignInVC.swift */ = {isa = PBXFileReference; lastKnownFileType = sourcecode.swift; path = SignInVC.swift; sourceTree = "<group>"; };
		5EABD40B2897FE0F00F80309 /* Main.storyboard */ = {isa = PBXFileReference; lastKnownFileType = file.storyboard; path = Main.storyboard; sourceTree = "<group>"; };
		5EACAE25288F0C4B00D9E9D7 /* CreateView.swift */ = {isa = PBXFileReference; lastKnownFileType = sourcecode.swift; path = CreateView.swift; sourceTree = "<group>"; };
		5EC8A43C289D1BA5003365C6 /* CustomCell.swift */ = {isa = PBXFileReference; lastKnownFileType = sourcecode.swift; path = CustomCell.swift; sourceTree = "<group>"; };
		5EF39E89288D1E9C0091A777 /* theToDoList.app */ = {isa = PBXFileReference; explicitFileType = wrapper.application; includeInIndex = 0; path = theToDoList.app; sourceTree = BUILT_PRODUCTS_DIR; };
		5EF39E8C288D1E9C0091A777 /* AppDelegate.swift */ = {isa = PBXFileReference; lastKnownFileType = sourcecode.swift; path = AppDelegate.swift; sourceTree = "<group>"; };
		5EF39E8E288D1E9C0091A777 /* SceneDelegate.swift */ = {isa = PBXFileReference; lastKnownFileType = sourcecode.swift; path = SceneDelegate.swift; sourceTree = "<group>"; };
		5EF39E90288D1E9C0091A777 /* SignInView.swift */ = {isa = PBXFileReference; lastKnownFileType = sourcecode.swift; path = SignInView.swift; sourceTree = "<group>"; };
		5EF39E95288D1E9D0091A777 /* Assets.xcassets */ = {isa = PBXFileReference; lastKnownFileType = folder.assetcatalog; path = Assets.xcassets; sourceTree = "<group>"; };
		5EF39E98288D1E9D0091A777 /* Base */ = {isa = PBXFileReference; lastKnownFileType = file.storyboard; name = Base; path = Base.lproj/LaunchScreen.storyboard; sourceTree = "<group>"; };
		5EF39E9A288D1E9D0091A777 /* Info.plist */ = {isa = PBXFileReference; lastKnownFileType = text.plist.xml; path = Info.plist; sourceTree = "<group>"; };
		C4D34F5099BBDE207137FACC /* Pods-theToDoList.debug.xcconfig */ = {isa = PBXFileReference; includeInIndex = 1; lastKnownFileType = text.xcconfig; name = "Pods-theToDoList.debug.xcconfig"; path = "Target Support Files/Pods-theToDoList/Pods-theToDoList.debug.xcconfig"; sourceTree = "<group>"; };
		D689AA8E21D0CC3C4F5F9482 /* Pods_theToDoList.framework */ = {isa = PBXFileReference; explicitFileType = wrapper.framework; includeInIndex = 0; path = Pods_theToDoList.framework; sourceTree = BUILT_PRODUCTS_DIR; };
		E2DAF5A02BDF6B74C66A2EC7 /* Pods-theToDoList.release.xcconfig */ = {isa = PBXFileReference; includeInIndex = 1; lastKnownFileType = text.xcconfig; name = "Pods-theToDoList.release.xcconfig"; path = "Target Support Files/Pods-theToDoList/Pods-theToDoList.release.xcconfig"; sourceTree = "<group>"; };
/* End PBXFileReference section */

/* Begin PBXFrameworksBuildPhase section */
		5EF39E86288D1E9C0091A777 /* Frameworks */ = {
			isa = PBXFrameworksBuildPhase;
			buildActionMask = 2147483647;
			files = (
				7801C2C732E6970EDCDBE8A0 /* Pods_theToDoList.framework in Frameworks */,
			);
			runOnlyForDeploymentPostprocessing = 0;
		};
/* End PBXFrameworksBuildPhase section */

/* Begin PBXGroup section */
		5E9C0F20288FE03B00381551 /* View */ = {
			isa = PBXGroup;
			children = (
				5E57D2F828AC2BCD009C0EB6 /* StartView.swift */,
				5EACAE25288F0C4B00D9E9D7 /* CreateView.swift */,
				5EF39E90288D1E9C0091A777 /* SignInView.swift */,
				5E9C0F23288FF73900381551 /* TasksView.swift */,
				5E9C0F27289002C400381551 /* AddTaskView.swift */,
				5E9C0F2B289028D500381551 /* InfoTaskView.swift */,
				5EC8A43C289D1BA5003365C6 /* CustomCell.swift */,
			);
			path = View;
			sourceTree = "<group>";
		};
		5E9C0F21288FE04A00381551 /* Controller */ = {
			isa = PBXGroup;
			children = (
				5E57D2FA28AC2BD9009C0EB6 /* StartVC.swift */,
				5E97B1B8288D3E8B00940720 /* SignUpVC.swift */,
				5EAAD0A0288DC38D00F0E79A /* SignInVC.swift */,
				5E9C0F25288FF78500381551 /* TasksVC.swift */,
				5E9C0F29289002E800381551 /* AddTaskVC.swift */,
				5E9C0F2D289028FE00381551 /* InfoTaskVC.swift */,
			);
			path = Controller;
			sourceTree = "<group>";
		};
		5E9C0F22288FE29200381551 /* Other */ = {
			isa = PBXGroup;
			children = (
				5EF39E97288D1E9D0091A777 /* LaunchScreen.storyboard */,
				5EABD40B2897FE0F00F80309 /* Main.storyboard */,
			);
			path = Other;
			sourceTree = "<group>";
		};
		5EAAD09D288DBE8200F0E79A /* Model */ = {
			isa = PBXGroup;
			children = (
				5EAAD09B288DBDFF00F0E79A /* Model Tasks.swift */,
				5E9F102C2897C1F5002ECAD5 /* Task.swift */,
				5E06B07A289C0F97003C20DD /* Model Users.swift */,
				5E06B07C289C0FA9003C20DD /* User.swift */,
				5EAAD09E288DBEA000F0E79A /* LocalStore.swift */,
			);
			path = Model;
			sourceTree = "<group>";
		};
		5EF39E80288D1E9C0091A777 = {
			isa = PBXGroup;
			children = (
				5EF39E8B288D1E9C0091A777 /* theToDoList */,
				5EF39E8A288D1E9C0091A777 /* Products */,
				C5690025B3AC2FE19B613DE9 /* Pods */,
				9376DF2B14269F4859F90F2B /* Frameworks */,
			);
			sourceTree = "<group>";
		};
		5EF39E8A288D1E9C0091A777 /* Products */ = {
			isa = PBXGroup;
			children = (
				5EF39E89288D1E9C0091A777 /* theToDoList.app */,
			);
			name = Products;
			sourceTree = "<group>";
		};
		5EF39E8B288D1E9C0091A777 /* theToDoList */ = {
			isa = PBXGroup;
			children = (
				5EF39E8E288D1E9C0091A777 /* SceneDelegate.swift */,
				5EF39E8C288D1E9C0091A777 /* AppDelegate.swift */,
				5EAAD09D288DBE8200F0E79A /* Model */,
				5E9C0F20288FE03B00381551 /* View */,
				5E9C0F21288FE04A00381551 /* Controller */,
				5EF39E95288D1E9D0091A777 /* Assets.xcassets */,
				5EF39E9A288D1E9D0091A777 /* Info.plist */,
				5E9C0F22288FE29200381551 /* Other */,
			);
			path = theToDoList;
			sourceTree = "<group>";
		};
		9376DF2B14269F4859F90F2B /* Frameworks */ = {
			isa = PBXGroup;
			children = (
				D689AA8E21D0CC3C4F5F9482 /* Pods_theToDoList.framework */,
			);
			name = Frameworks;
			sourceTree = "<group>";
		};
		C5690025B3AC2FE19B613DE9 /* Pods */ = {
			isa = PBXGroup;
			children = (
				C4D34F5099BBDE207137FACC /* Pods-theToDoList.debug.xcconfig */,
				E2DAF5A02BDF6B74C66A2EC7 /* Pods-theToDoList.release.xcconfig */,
			);
			path = Pods;
			sourceTree = "<group>";
		};
/* End PBXGroup section */

/* Begin PBXNativeTarget section */
		5EF39E88288D1E9C0091A777 /* theToDoList */ = {
			isa = PBXNativeTarget;
			buildConfigurationList = 5EF39E9D288D1E9D0091A777 /* Build configuration list for PBXNativeTarget "theToDoList" */;
			buildPhases = (
				7DA8881B8395F56A546B1E84 /* [CP] Check Pods Manifest.lock */,
				5EF39E85288D1E9C0091A777 /* Sources */,
				5EF39E86288D1E9C0091A777 /* Frameworks */,
				5EF39E87288D1E9C0091A777 /* Resources */,
				DE4C8D6E40BF988020A8A9B0 /* [CP] Embed Pods Frameworks */,
			);
			buildRules = (
			);
			dependencies = (
			);
			name = theToDoList;
			productName = theToDoList;
			productReference = 5EF39E89288D1E9C0091A777 /* theToDoList.app */;
			productType = "com.apple.product-type.application";
		};
/* End PBXNativeTarget section */

/* Begin PBXProject section */
		5EF39E81288D1E9C0091A777 /* Project object */ = {
			isa = PBXProject;
			attributes = {
				BuildIndependentTargetsInParallel = 1;
				LastSwiftUpdateCheck = 1340;
				LastUpgradeCheck = 1340;
				TargetAttributes = {
					5EF39E88288D1E9C0091A777 = {
						CreatedOnToolsVersion = 13.4;
					};
				};
			};
			buildConfigurationList = 5EF39E84288D1E9C0091A777 /* Build configuration list for PBXProject "theToDoList" */;
			compatibilityVersion = "Xcode 13.0";
			developmentRegion = en;
			hasScannedForEncodings = 0;
			knownRegions = (
				en,
				Base,
			);
			mainGroup = 5EF39E80288D1E9C0091A777;
			productRefGroup = 5EF39E8A288D1E9C0091A777 /* Products */;
			projectDirPath = "";
			projectRoot = "";
			targets = (
				5EF39E88288D1E9C0091A777 /* theToDoList */,
			);
		};
/* End PBXProject section */

/* Begin PBXResourcesBuildPhase section */
		5EF39E87288D1E9C0091A777 /* Resources */ = {
			isa = PBXResourcesBuildPhase;
			buildActionMask = 2147483647;
			files = (
				5EABD40C2897FE0F00F80309 /* Main.storyboard in Resources */,
				5EF39E99288D1E9D0091A777 /* LaunchScreen.storyboard in Resources */,
				5EF39E96288D1E9D0091A777 /* Assets.xcassets in Resources */,
			);
			runOnlyForDeploymentPostprocessing = 0;
		};
/* End PBXResourcesBuildPhase section */

/* Begin PBXShellScriptBuildPhase section */
		7DA8881B8395F56A546B1E84 /* [CP] Check Pods Manifest.lock */ = {
			isa = PBXShellScriptBuildPhase;
			buildActionMask = 2147483647;
			files = (
			);
			inputFileListPaths = (
			);
			inputPaths = (
				"${PODS_PODFILE_DIR_PATH}/Podfile.lock",
				"${PODS_ROOT}/Manifest.lock",
			);
			name = "[CP] Check Pods Manifest.lock";
			outputFileListPaths = (
			);
			outputPaths = (
				"$(DERIVED_FILE_DIR)/Pods-theToDoList-checkManifestLockResult.txt",
			);
			runOnlyForDeploymentPostprocessing = 0;
			shellPath = /bin/sh;
			shellScript = "diff \"${PODS_PODFILE_DIR_PATH}/Podfile.lock\" \"${PODS_ROOT}/Manifest.lock\" > /dev/null\nif [ $? != 0 ] ; then\n    # print error to STDERR\n    echo \"error: The sandbox is not in sync with the Podfile.lock. Run 'pod install' or update your CocoaPods installation.\" >&2\n    exit 1\nfi\n# This output is used by Xcode 'outputs' to avoid re-running this script phase.\necho \"SUCCESS\" > \"${SCRIPT_OUTPUT_FILE_0}\"\n";
			showEnvVarsInLog = 0;
		};
		DE4C8D6E40BF988020A8A9B0 /* [CP] Embed Pods Frameworks */ = {
			isa = PBXShellScriptBuildPhase;
			buildActionMask = 2147483647;
			files = (
			);
			inputFileListPaths = (
				"${PODS_ROOT}/Target Support Files/Pods-theToDoList/Pods-theToDoList-frameworks-${CONFIGURATION}-input-files.xcfilelist",
			);
			name = "[CP] Embed Pods Frameworks";
			outputFileListPaths = (
				"${PODS_ROOT}/Target Support Files/Pods-theToDoList/Pods-theToDoList-frameworks-${CONFIGURATION}-output-files.xcfilelist",
			);
			runOnlyForDeploymentPostprocessing = 0;
			shellPath = /bin/sh;
			shellScript = "\"${PODS_ROOT}/Target Support Files/Pods-theToDoList/Pods-theToDoList-frameworks.sh\"\n";
			showEnvVarsInLog = 0;
		};
/* End PBXShellScriptBuildPhase section */

/* Begin PBXSourcesBuildPhase section */
		5EF39E85288D1E9C0091A777 /* Sources */ = {
			isa = PBXSourcesBuildPhase;
			buildActionMask = 2147483647;
			files = (
				5E9C0F28289002C400381551 /* AddTaskView.swift in Sources */,
				5E57D2F928AC2BCD009C0EB6 /* StartView.swift in Sources */,
				5EACAE26288F0C4B00D9E9D7 /* CreateView.swift in Sources */,
				5E9C0F24288FF73900381551 /* TasksView.swift in Sources */,
				5EAAD09C288DBDFF00F0E79A /* Model Tasks.swift in Sources */,
				5EC8A43D289D1BA5003365C6 /* CustomCell.swift in Sources */,
				5E97B1B9288D3E8B00940720 /* SignUpVC.swift in Sources */,
				5EF39E91288D1E9C0091A777 /* SignInView.swift in Sources */,
				5EF39E8D288D1E9C0091A777 /* AppDelegate.swift in Sources */,
				5E06B07D289C0FA9003C20DD /* User.swift in Sources */,
				5E9F102D2897C1F5002ECAD5 /* Task.swift in Sources */,
				5E9C0F2C289028D500381551 /* InfoTaskView.swift in Sources */,
				5E9C0F2A289002E800381551 /* AddTaskVC.swift in Sources */,
				5EAAD0A1288DC38D00F0E79A /* SignInVC.swift in Sources */,
				5E9C0F26288FF78500381551 /* TasksVC.swift in Sources */,
				5E57D2FB28AC2BD9009C0EB6 /* StartVC.swift in Sources */,
				5EF39E8F288D1E9C0091A777 /* SceneDelegate.swift in Sources */,
				5EAAD09F288DBEA000F0E79A /* LocalStore.swift in Sources */,
				5E9C0F2E289028FE00381551 /* InfoTaskVC.swift in Sources */,
				5E06B07B289C0F97003C20DD /* Model Users.swift in Sources */,
			);
			runOnlyForDeploymentPostprocessing = 0;
		};
/* End PBXSourcesBuildPhase section */

/* Begin PBXVariantGroup section */
		5EF39E97288D1E9D0091A777 /* LaunchScreen.storyboard */ = {
			isa = PBXVariantGroup;
			children = (
				5EF39E98288D1E9D0091A777 /* Base */,
			);
			name = LaunchScreen.storyboard;
			sourceTree = "<group>";
		};
/* End PBXVariantGroup section */

/* Begin XCBuildConfiguration section */
		5EF39E9B288D1E9D0091A777 /* Debug */ = {
			isa = XCBuildConfiguration;
			buildSettings = {
				ALWAYS_SEARCH_USER_PATHS = NO;
				CLANG_ANALYZER_NONNULL = YES;
				CLANG_ANALYZER_NUMBER_OBJECT_CONVERSION = YES_AGGRESSIVE;
				CLANG_CXX_LANGUAGE_STANDARD = "gnu++17";
				CLANG_ENABLE_MODULES = YES;
				CLANG_ENABLE_OBJC_ARC = YES;
				CLANG_ENABLE_OBJC_WEAK = YES;
				CLANG_WARN_BLOCK_CAPTURE_AUTORELEASING = YES;
				CLANG_WARN_BOOL_CONVERSION = YES;
				CLANG_WARN_COMMA = YES;
				CLANG_WARN_CONSTANT_CONVERSION = YES;
				CLANG_WARN_DEPRECATED_OBJC_IMPLEMENTATIONS = YES;
				CLANG_WARN_DIRECT_OBJC_ISA_USAGE = YES_ERROR;
				CLANG_WARN_DOCUMENTATION_COMMENTS = YES;
				CLANG_WARN_EMPTY_BODY = YES;
				CLANG_WARN_ENUM_CONVERSION = YES;
				CLANG_WARN_INFINITE_RECURSION = YES;
				CLANG_WARN_INT_CONVERSION = YES;
				CLANG_WARN_NON_LITERAL_NULL_CONVERSION = YES;
				CLANG_WARN_OBJC_IMPLICIT_RETAIN_SELF = YES;
				CLANG_WARN_OBJC_LITERAL_CONVERSION = YES;
				CLANG_WARN_OBJC_ROOT_CLASS = YES_ERROR;
				CLANG_WARN_QUOTED_INCLUDE_IN_FRAMEWORK_HEADER = YES;
				CLANG_WARN_RANGE_LOOP_ANALYSIS = YES;
				CLANG_WARN_STRICT_PROTOTYPES = YES;
				CLANG_WARN_SUSPICIOUS_MOVE = YES;
				CLANG_WARN_UNGUARDED_AVAILABILITY = YES_AGGRESSIVE;
				CLANG_WARN_UNREACHABLE_CODE = YES;
				CLANG_WARN__DUPLICATE_METHOD_MATCH = YES;
				COPY_PHASE_STRIP = NO;
				DEBUG_INFORMATION_FORMAT = dwarf;
				ENABLE_STRICT_OBJC_MSGSEND = YES;
				ENABLE_TESTABILITY = YES;
				GCC_C_LANGUAGE_STANDARD = gnu11;
				GCC_DYNAMIC_NO_PIC = NO;
				GCC_NO_COMMON_BLOCKS = YES;
				GCC_OPTIMIZATION_LEVEL = 0;
				GCC_PREPROCESSOR_DEFINITIONS = (
					"DEBUG=1",
					"$(inherited)",
				);
				GCC_WARN_64_TO_32_BIT_CONVERSION = YES;
				GCC_WARN_ABOUT_RETURN_TYPE = YES_ERROR;
				GCC_WARN_UNDECLARED_SELECTOR = YES;
				GCC_WARN_UNINITIALIZED_AUTOS = YES_AGGRESSIVE;
				GCC_WARN_UNUSED_FUNCTION = YES;
				GCC_WARN_UNUSED_VARIABLE = YES;
				IPHONEOS_DEPLOYMENT_TARGET = 15.5;
				MTL_ENABLE_DEBUG_INFO = INCLUDE_SOURCE;
				MTL_FAST_MATH = YES;
				ONLY_ACTIVE_ARCH = YES;
				SDKROOT = iphoneos;
				SWIFT_ACTIVE_COMPILATION_CONDITIONS = DEBUG;
				SWIFT_OPTIMIZATION_LEVEL = "-Onone";
			};
			name = Debug;
		};
		5EF39E9C288D1E9D0091A777 /* Release */ = {
			isa = XCBuildConfiguration;
			buildSettings = {
				ALWAYS_SEARCH_USER_PATHS = NO;
				CLANG_ANALYZER_NONNULL = YES;
				CLANG_ANALYZER_NUMBER_OBJECT_CONVERSION = YES_AGGRESSIVE;
				CLANG_CXX_LANGUAGE_STANDARD = "gnu++17";
				CLANG_ENABLE_MODULES = YES;
				CLANG_ENABLE_OBJC_ARC = YES;
				CLANG_ENABLE_OBJC_WEAK = YES;
				CLANG_WARN_BLOCK_CAPTURE_AUTORELEASING = YES;
				CLANG_WARN_BOOL_CONVERSION = YES;
				CLANG_WARN_COMMA = YES;
				CLANG_WARN_CONSTANT_CONVERSION = YES;
				CLANG_WARN_DEPRECATED_OBJC_IMPLEMENTATIONS = YES;
				CLANG_WARN_DIRECT_OBJC_ISA_USAGE = YES_ERROR;
				CLANG_WARN_DOCUMENTATION_COMMENTS = YES;
				CLANG_WARN_EMPTY_BODY = YES;
				CLANG_WARN_ENUM_CONVERSION = YES;
				CLANG_WARN_INFINITE_RECURSION = YES;
				CLANG_WARN_INT_CONVERSION = YES;
				CLANG_WARN_NON_LITERAL_NULL_CONVERSION = YES;
				CLANG_WARN_OBJC_IMPLICIT_RETAIN_SELF = YES;
				CLANG_WARN_OBJC_LITERAL_CONVERSION = YES;
				CLANG_WARN_OBJC_ROOT_CLASS = YES_ERROR;
				CLANG_WARN_QUOTED_INCLUDE_IN_FRAMEWORK_HEADER = YES;
				CLANG_WARN_RANGE_LOOP_ANALYSIS = YES;
				CLANG_WARN_STRICT_PROTOTYPES = YES;
				CLANG_WARN_SUSPICIOUS_MOVE = YES;
				CLANG_WARN_UNGUARDED_AVAILABILITY = YES_AGGRESSIVE;
				CLANG_WARN_UNREACHABLE_CODE = YES;
				CLANG_WARN__DUPLICATE_METHOD_MATCH = YES;
				COPY_PHASE_STRIP = NO;
				DEBUG_INFORMATION_FORMAT = "dwarf-with-dsym";
				ENABLE_NS_ASSERTIONS = NO;
				ENABLE_STRICT_OBJC_MSGSEND = YES;
				GCC_C_LANGUAGE_STANDARD = gnu11;
				GCC_NO_COMMON_BLOCKS = YES;
				GCC_WARN_64_TO_32_BIT_CONVERSION = YES;
				GCC_WARN_ABOUT_RETURN_TYPE = YES_ERROR;
				GCC_WARN_UNDECLARED_SELECTOR = YES;
				GCC_WARN_UNINITIALIZED_AUTOS = YES_AGGRESSIVE;
				GCC_WARN_UNUSED_FUNCTION = YES;
				GCC_WARN_UNUSED_VARIABLE = YES;
				IPHONEOS_DEPLOYMENT_TARGET = 15.5;
				MTL_ENABLE_DEBUG_INFO = NO;
				MTL_FAST_MATH = YES;
				SDKROOT = iphoneos;
				SWIFT_COMPILATION_MODE = wholemodule;
				SWIFT_OPTIMIZATION_LEVEL = "-O";
				VALIDATE_PRODUCT = YES;
			};
			name = Release;
		};
		5EF39E9E288D1E9D0091A777 /* Debug */ = {
			isa = XCBuildConfiguration;
			baseConfigurationReference = C4D34F5099BBDE207137FACC /* Pods-theToDoList.debug.xcconfig */;
			buildSettings = {
				ASSETCATALOG_COMPILER_APPICON_NAME = AppIcon;
				ASSETCATALOG_COMPILER_GLOBAL_ACCENT_COLOR_NAME = AccentColor;
				CODE_SIGN_STYLE = Automatic;
				CURRENT_PROJECT_VERSION = 1;
				DEVELOPMENT_TEAM = 3UW6R7LBJ3;
				GENERATE_INFOPLIST_FILE = YES;
				INFOPLIST_FILE = theToDoList/Info.plist;
				INFOPLIST_KEY_UIApplicationSupportsIndirectInputEvents = YES;
				INFOPLIST_KEY_UILaunchStoryboardName = LaunchScreen;
				INFOPLIST_KEY_UIMainStoryboardFile = Main;
				INFOPLIST_KEY_UISupportedInterfaceOrientations_iPad = "UIInterfaceOrientationPortrait UIInterfaceOrientationPortraitUpsideDown UIInterfaceOrientationLandscapeLeft UIInterfaceOrientationLandscapeRight";
				INFOPLIST_KEY_UISupportedInterfaceOrientations_iPhone = "UIInterfaceOrientationPortrait UIInterfaceOrientationLandscapeLeft UIInterfaceOrientationLandscapeRight";
				IPHONEOS_DEPLOYMENT_TARGET = 15.4;
				LD_RUNPATH_SEARCH_PATHS = (
					"$(inherited)",
					"@executable_path/Frameworks",
				);
				MARKETING_VERSION = 1.0;
				PRODUCT_BUNDLE_IDENTIFIER = georgeM3.theT;
				PRODUCT_NAME = "$(TARGET_NAME)";
				SWIFT_EMIT_LOC_STRINGS = YES;
				SWIFT_VERSION = 5.0;
				TARGETED_DEVICE_FAMILY = "1,2";
			};
			name = Debug;
		};
		5EF39E9F288D1E9D0091A777 /* Release */ = {
			isa = XCBuildConfiguration;
			baseConfigurationReference = E2DAF5A02BDF6B74C66A2EC7 /* Pods-theToDoList.release.xcconfig */;
			buildSettings = {
				ASSETCATALOG_COMPILER_APPICON_NAME = AppIcon;
				ASSETCATALOG_COMPILER_GLOBAL_ACCENT_COLOR_NAME = AccentColor;
				CODE_SIGN_STYLE = Automatic;
				CURRENT_PROJECT_VERSION = 1;
				DEVELOPMENT_TEAM = 3UW6R7LBJ3;
				GENERATE_INFOPLIST_FILE = YES;
				INFOPLIST_FILE = theToDoList/Info.plist;
				INFOPLIST_KEY_UIApplicationSupportsIndirectInputEvents = YES;
				INFOPLIST_KEY_UILaunchStoryboardName = LaunchScreen;
				INFOPLIST_KEY_UIMainStoryboardFile = Main;
				INFOPLIST_KEY_UISupportedInterfaceOrientations_iPad = "UIInterfaceOrientationPortrait UIInterfaceOrientationPortraitUpsideDown UIInterfaceOrientationLandscapeLeft UIInterfaceOrientationLandscapeRight";
				INFOPLIST_KEY_UISupportedInterfaceOrientations_iPhone = "UIInterfaceOrientationPortrait UIInterfaceOrientationLandscapeLeft UIInterfaceOrientationLandscapeRight";
				IPHONEOS_DEPLOYMENT_TARGET = 15.4;
				LD_RUNPATH_SEARCH_PATHS = (
					"$(inherited)",
					"@executable_path/Frameworks",
				);
				MARKETING_VERSION = 1.0;
				PRODUCT_BUNDLE_IDENTIFIER = georgeM3.theT;
				PRODUCT_NAME = "$(TARGET_NAME)";
				SWIFT_EMIT_LOC_STRINGS = YES;
				SWIFT_VERSION = 5.0;
				TARGETED_DEVICE_FAMILY = "1,2";
			};
			name = Release;
		};
/* End XCBuildConfiguration section */

/* Begin XCConfigurationList section */
		5EF39E84288D1E9C0091A777 /* Build configuration list for PBXProject "theToDoList" */ = {
			isa = XCConfigurationList;
			buildConfigurations = (
				5EF39E9B288D1E9D0091A777 /* Debug */,
				5EF39E9C288D1E9D0091A777 /* Release */,
			);
			defaultConfigurationIsVisible = 0;
			defaultConfigurationName = Release;
		};
		5EF39E9D288D1E9D0091A777 /* Build configuration list for PBXNativeTarget "theToDoList" */ = {
			isa = XCConfigurationList;
			buildConfigurations = (
				5EF39E9E288D1E9D0091A777 /* Debug */,
				5EF39E9F288D1E9D0091A777 /* Release */,
			);
			defaultConfigurationIsVisible = 0;
			defaultConfigurationName = Release;
		};
/* End XCConfigurationList section */
	};
	rootObject = 5EF39E81288D1E9C0091A777 /* Project object */;
}
